// !$*UTF8*$!
{
	archiveVersion = 1;
	classes = {
	};
	objectVersion = 55;
	objects = {

/* Begin PBXBuildFile section */
		A9030C992895348900E5E40D /* AppDelegate.swift in Sources */ = {isa = PBXBuildFile; fileRef = A9030C982895348900E5E40D /* AppDelegate.swift */; };
		A9030C9B2895348900E5E40D /* SceneDelegate.swift in Sources */ = {isa = PBXBuildFile; fileRef = A9030C9A2895348900E5E40D /* SceneDelegate.swift */; };
		A9030C9D2895348900E5E40D /* GameViewController.swift in Sources */ = {isa = PBXBuildFile; fileRef = A9030C9C2895348900E5E40D /* GameViewController.swift */; };
		A9030CA22895348A00E5E40D /* Assets.xcassets in Resources */ = {isa = PBXBuildFile; fileRef = A9030CA12895348A00E5E40D /* Assets.xcassets */; };
		A9030CA52895348A00E5E40D /* LaunchScreen.storyboard in Resources */ = {isa = PBXBuildFile; fileRef = A9030CA32895348A00E5E40D /* LaunchScreen.storyboard */; };
		A9030CB02895348B00E5E40D /* WordGameTests.swift in Sources */ = {isa = PBXBuildFile; fileRef = A9030CAF2895348B00E5E40D /* WordGameTests.swift */; };
		A9030CBA2895348B00E5E40D /* WordGameUITests.swift in Sources */ = {isa = PBXBuildFile; fileRef = A9030CB92895348B00E5E40D /* WordGameUITests.swift */; };
		A9030CBC2895348B00E5E40D /* WordGameUITestsLaunchTests.swift in Sources */ = {isa = PBXBuildFile; fileRef = A9030CBB2895348B00E5E40D /* WordGameUITestsLaunchTests.swift */; };
		A99FA7422898536800103ADD /* GameViewModel.swift in Sources */ = {isa = PBXBuildFile; fileRef = A99FA7412898536800103ADD /* GameViewModel.swift */; };
		A99FA744289853CA00103ADD /* FileReader.swift in Sources */ = {isa = PBXBuildFile; fileRef = A99FA743289853CA00103ADD /* FileReader.swift */; };
		A99FA746289853D900103ADD /* DataParser.swift in Sources */ = {isa = PBXBuildFile; fileRef = A99FA745289853D900103ADD /* DataParser.swift */; };
		A99FA7482898552700103ADD /* WordPair.swift in Sources */ = {isa = PBXBuildFile; fileRef = A99FA7472898552700103ADD /* WordPair.swift */; };
		A99FA74E289995B400103ADD /* WordGameConstant.swift in Sources */ = {isa = PBXBuildFile; fileRef = A99FA74D289995B400103ADD /* WordGameConstant.swift */; };
		A99FA754289996AE00103ADD /* words.json in Resources */ = {isa = PBXBuildFile; fileRef = A99FA753289996AE00103ADD /* words.json */; };
		A99FA75728999D3400103ADD /* GameRoundData.swift in Sources */ = {isa = PBXBuildFile; fileRef = A99FA75628999D3400103ADD /* GameRoundData.swift */; };
		A99FA7592899A75500103ADD /* GameContentGenerator.swift in Sources */ = {isa = PBXBuildFile; fileRef = A99FA7582899A75400103ADD /* GameContentGenerator.swift */; };
		A9FDDB19289C4BEC00E17D7F /* GameScore.swift in Sources */ = {isa = PBXBuildFile; fileRef = A9FDDB18289C4BEC00E17D7F /* GameScore.swift */; };
		A9FDDB1B289C4C1600E17D7F /* GameManager.swift in Sources */ = {isa = PBXBuildFile; fileRef = A9FDDB1A289C4C1600E17D7F /* GameManager.swift */; };
		A9FDDB1E289C54A800E17D7F /* WordGameError.swift in Sources */ = {isa = PBXBuildFile; fileRef = A9FDDB1D289C54A800E17D7F /* WordGameError.swift */; };
/* End PBXBuildFile section */

/* Begin PBXContainerItemProxy section */
		A9030CAC2895348B00E5E40D /* PBXContainerItemProxy */ = {
			isa = PBXContainerItemProxy;
			containerPortal = A9030C8D2895348900E5E40D /* Project object */;
			proxyType = 1;
			remoteGlobalIDString = A9030C942895348900E5E40D;
			remoteInfo = WordGame;
		};
		A9030CB62895348B00E5E40D /* PBXContainerItemProxy */ = {
			isa = PBXContainerItemProxy;
			containerPortal = A9030C8D2895348900E5E40D /* Project object */;
			proxyType = 1;
			remoteGlobalIDString = A9030C942895348900E5E40D;
			remoteInfo = WordGame;
		};
/* End PBXContainerItemProxy section */

/* Begin PBXFileReference section */
		A9030C952895348900E5E40D /* WordGame.app */ = {isa = PBXFileReference; explicitFileType = wrapper.application; includeInIndex = 0; path = WordGame.app; sourceTree = BUILT_PRODUCTS_DIR; };
		A9030C982895348900E5E40D /* AppDelegate.swift */ = {isa = PBXFileReference; lastKnownFileType = sourcecode.swift; path = AppDelegate.swift; sourceTree = "<group>"; };
		A9030C9A2895348900E5E40D /* SceneDelegate.swift */ = {isa = PBXFileReference; lastKnownFileType = sourcecode.swift; path = SceneDelegate.swift; sourceTree = "<group>"; };
		A9030C9C2895348900E5E40D /* GameViewController.swift */ = {isa = PBXFileReference; lastKnownFileType = sourcecode.swift; path = GameViewController.swift; sourceTree = "<group>"; };
		A9030CA12895348A00E5E40D /* Assets.xcassets */ = {isa = PBXFileReference; lastKnownFileType = folder.assetcatalog; path = Assets.xcassets; sourceTree = "<group>"; };
		A9030CA42895348A00E5E40D /* Base */ = {isa = PBXFileReference; lastKnownFileType = file.storyboard; name = Base; path = Base.lproj/LaunchScreen.storyboard; sourceTree = "<group>"; };
		A9030CA62895348A00E5E40D /* Info.plist */ = {isa = PBXFileReference; lastKnownFileType = text.plist.xml; path = Info.plist; sourceTree = "<group>"; };
		A9030CAB2895348B00E5E40D /* WordGameTests.xctest */ = {isa = PBXFileReference; explicitFileType = wrapper.cfbundle; includeInIndex = 0; path = WordGameTests.xctest; sourceTree = BUILT_PRODUCTS_DIR; };
		A9030CAF2895348B00E5E40D /* WordGameTests.swift */ = {isa = PBXFileReference; lastKnownFileType = sourcecode.swift; path = WordGameTests.swift; sourceTree = "<group>"; };
		A9030CB52895348B00E5E40D /* WordGameUITests.xctest */ = {isa = PBXFileReference; explicitFileType = wrapper.cfbundle; includeInIndex = 0; path = WordGameUITests.xctest; sourceTree = BUILT_PRODUCTS_DIR; };
		A9030CB92895348B00E5E40D /* WordGameUITests.swift */ = {isa = PBXFileReference; lastKnownFileType = sourcecode.swift; path = WordGameUITests.swift; sourceTree = "<group>"; };
		A9030CBB2895348B00E5E40D /* WordGameUITestsLaunchTests.swift */ = {isa = PBXFileReference; lastKnownFileType = sourcecode.swift; path = WordGameUITestsLaunchTests.swift; sourceTree = "<group>"; };
		A99FA7412898536800103ADD /* GameViewModel.swift */ = {isa = PBXFileReference; lastKnownFileType = sourcecode.swift; path = GameViewModel.swift; sourceTree = "<group>"; };
		A99FA743289853CA00103ADD /* FileReader.swift */ = {isa = PBXFileReference; lastKnownFileType = sourcecode.swift; path = FileReader.swift; sourceTree = "<group>"; };
		A99FA745289853D900103ADD /* DataParser.swift */ = {isa = PBXFileReference; lastKnownFileType = sourcecode.swift; path = DataParser.swift; sourceTree = "<group>"; };
		A99FA7472898552700103ADD /* WordPair.swift */ = {isa = PBXFileReference; lastKnownFileType = sourcecode.swift; path = WordPair.swift; sourceTree = "<group>"; };
		A99FA74D289995B400103ADD /* WordGameConstant.swift */ = {isa = PBXFileReference; lastKnownFileType = sourcecode.swift; path = WordGameConstant.swift; sourceTree = "<group>"; };
		A99FA753289996AE00103ADD /* words.json */ = {isa = PBXFileReference; fileEncoding = 4; lastKnownFileType = text.json; path = words.json; sourceTree = "<group>"; };
		A99FA75628999D3400103ADD /* GameRoundData.swift */ = {isa = PBXFileReference; lastKnownFileType = sourcecode.swift; path = GameRoundData.swift; sourceTree = "<group>"; };
		A99FA7582899A75400103ADD /* GameContentGenerator.swift */ = {isa = PBXFileReference; lastKnownFileType = sourcecode.swift; path = GameContentGenerator.swift; sourceTree = "<group>"; };
		A9FDDB18289C4BEC00E17D7F /* GameScore.swift */ = {isa = PBXFileReference; lastKnownFileType = sourcecode.swift; path = GameScore.swift; sourceTree = "<group>"; };
		A9FDDB1A289C4C1600E17D7F /* GameManager.swift */ = {isa = PBXFileReference; lastKnownFileType = sourcecode.swift; path = GameManager.swift; sourceTree = "<group>"; };
		A9FDDB1D289C54A800E17D7F /* WordGameError.swift */ = {isa = PBXFileReference; lastKnownFileType = sourcecode.swift; path = WordGameError.swift; sourceTree = "<group>"; };
/* End PBXFileReference section */

/* Begin PBXFrameworksBuildPhase section */
		A9030C922895348900E5E40D /* Frameworks */ = {
			isa = PBXFrameworksBuildPhase;
			buildActionMask = 2147483647;
			files = (
			);
			runOnlyForDeploymentPostprocessing = 0;
		};
		A9030CA82895348B00E5E40D /* Frameworks */ = {
			isa = PBXFrameworksBuildPhase;
			buildActionMask = 2147483647;
			files = (
			);
			runOnlyForDeploymentPostprocessing = 0;
		};
		A9030CB22895348B00E5E40D /* Frameworks */ = {
			isa = PBXFrameworksBuildPhase;
			buildActionMask = 2147483647;
			files = (
			);
			runOnlyForDeploymentPostprocessing = 0;
		};
/* End PBXFrameworksBuildPhase section */

/* Begin PBXGroup section */
		A9030C8C2895348900E5E40D = {
			isa = PBXGroup;
			children = (
				A9030C972895348900E5E40D /* WordGame */,
				A9030CAE2895348B00E5E40D /* WordGameTests */,
				A9030CB82895348B00E5E40D /* WordGameUITests */,
				A9030C962895348900E5E40D /* Products */,
			);
			sourceTree = "<group>";
		};
		A9030C962895348900E5E40D /* Products */ = {
			isa = PBXGroup;
			children = (
				A9030C952895348900E5E40D /* WordGame.app */,
				A9030CAB2895348B00E5E40D /* WordGameTests.xctest */,
				A9030CB52895348B00E5E40D /* WordGameUITests.xctest */,
			);
			name = Products;
			sourceTree = "<group>";
		};
		A9030C972895348900E5E40D /* WordGame */ = {
			isa = PBXGroup;
			children = (
				A9030C982895348900E5E40D /* AppDelegate.swift */,
				A9030C9A2895348900E5E40D /* SceneDelegate.swift */,
				A9FDDB1D289C54A800E17D7F /* WordGameError.swift */,
				A9FDDB1C289C4C2600E17D7F /* Helper */,
				A99FA74F289995C700103ADD /* ViewController */,
				A99FA750289995D800103ADD /* ViewModel */,
				A99FA7522899962600103ADD /* Services */,
				A99FA751289995E900103ADD /* Models */,
				A99FA755289996B500103ADD /* Resources */,
				A9030CA12895348A00E5E40D /* Assets.xcassets */,
				A9030CA32895348A00E5E40D /* LaunchScreen.storyboard */,
				A9030CA62895348A00E5E40D /* Info.plist */,
			);
			path = WordGame;
			sourceTree = "<group>";
		};
		A9030CAE2895348B00E5E40D /* WordGameTests */ = {
			isa = PBXGroup;
			children = (
				A9030CAF2895348B00E5E40D /* WordGameTests.swift */,
			);
			path = WordGameTests;
			sourceTree = "<group>";
		};
		A9030CB82895348B00E5E40D /* WordGameUITests */ = {
			isa = PBXGroup;
			children = (
				A9030CB92895348B00E5E40D /* WordGameUITests.swift */,
				A9030CBB2895348B00E5E40D /* WordGameUITestsLaunchTests.swift */,
			);
			path = WordGameUITests;
			sourceTree = "<group>";
		};
		A99FA74F289995C700103ADD /* ViewController */ = {
			isa = PBXGroup;
			children = (
				A9030C9C2895348900E5E40D /* GameViewController.swift */,
			);
			path = ViewController;
			sourceTree = "<group>";
		};
		A99FA750289995D800103ADD /* ViewModel */ = {
			isa = PBXGroup;
			children = (
				A99FA7412898536800103ADD /* GameViewModel.swift */,
			);
			path = ViewModel;
			sourceTree = "<group>";
		};
		A99FA751289995E900103ADD /* Models */ = {
			isa = PBXGroup;
			children = (
				A99FA7472898552700103ADD /* WordPair.swift */,
				A99FA75628999D3400103ADD /* GameRoundData.swift */,
				A9FDDB18289C4BEC00E17D7F /* GameScore.swift */,
			);
			path = Models;
			sourceTree = "<group>";
		};
		A99FA7522899962600103ADD /* Services */ = {
			isa = PBXGroup;
			children = (
				A99FA743289853CA00103ADD /* FileReader.swift */,
				A99FA745289853D900103ADD /* DataParser.swift */,
				A99FA7582899A75400103ADD /* GameContentGenerator.swift */,
			);
			path = Services;
			sourceTree = "<group>";
		};
		A99FA755289996B500103ADD /* Resources */ = {
			isa = PBXGroup;
			children = (
				A99FA753289996AE00103ADD /* words.json */,
			);
			path = Resources;
			sourceTree = "<group>";
		};
		A9FDDB1C289C4C2600E17D7F /* Helper */ = {
			isa = PBXGroup;
			children = (
				A99FA74D289995B400103ADD /* WordGameConstant.swift */,
				A9FDDB1A289C4C1600E17D7F /* GameManager.swift */,
			);
			path = Helper;
			sourceTree = "<group>";
		};
/* End PBXGroup section */

/* Begin PBXNativeTarget section */
		A9030C942895348900E5E40D /* WordGame */ = {
			isa = PBXNativeTarget;
			buildConfigurationList = A9030CBF2895348B00E5E40D /* Build configuration list for PBXNativeTarget "WordGame" */;
			buildPhases = (
				A9030C912895348900E5E40D /* Sources */,
				A9030C922895348900E5E40D /* Frameworks */,
				A9030C932895348900E5E40D /* Resources */,
			);
			buildRules = (
			);
			dependencies = (
			);
			name = WordGame;
			productName = WordGame;
			productReference = A9030C952895348900E5E40D /* WordGame.app */;
			productType = "com.apple.product-type.application";
		};
		A9030CAA2895348B00E5E40D /* WordGameTests */ = {
			isa = PBXNativeTarget;
			buildConfigurationList = A9030CC22895348B00E5E40D /* Build configuration list for PBXNativeTarget "WordGameTests" */;
			buildPhases = (
				A9030CA72895348B00E5E40D /* Sources */,
				A9030CA82895348B00E5E40D /* Frameworks */,
				A9030CA92895348B00E5E40D /* Resources */,
			);
			buildRules = (
			);
			dependencies = (
				A9030CAD2895348B00E5E40D /* PBXTargetDependency */,
			);
			name = WordGameTests;
			productName = WordGameTests;
			productReference = A9030CAB2895348B00E5E40D /* WordGameTests.xctest */;
			productType = "com.apple.product-type.bundle.unit-test";
		};
		A9030CB42895348B00E5E40D /* WordGameUITests */ = {
			isa = PBXNativeTarget;
			buildConfigurationList = A9030CC52895348B00E5E40D /* Build configuration list for PBXNativeTarget "WordGameUITests" */;
			buildPhases = (
				A9030CB12895348B00E5E40D /* Sources */,
				A9030CB22895348B00E5E40D /* Frameworks */,
				A9030CB32895348B00E5E40D /* Resources */,
			);
			buildRules = (
			);
			dependencies = (
				A9030CB72895348B00E5E40D /* PBXTargetDependency */,
			);
			name = WordGameUITests;
			productName = WordGameUITests;
			productReference = A9030CB52895348B00E5E40D /* WordGameUITests.xctest */;
			productType = "com.apple.product-type.bundle.ui-testing";
		};
/* End PBXNativeTarget section */

/* Begin PBXProject section */
		A9030C8D2895348900E5E40D /* Project object */ = {
			isa = PBXProject;
			attributes = {
				BuildIndependentTargetsInParallel = 1;
				LastSwiftUpdateCheck = 1340;
				LastUpgradeCheck = 1340;
				TargetAttributes = {
					A9030C942895348900E5E40D = {
						CreatedOnToolsVersion = 13.4.1;
					};
					A9030CAA2895348B00E5E40D = {
						CreatedOnToolsVersion = 13.4.1;
						TestTargetID = A9030C942895348900E5E40D;
					};
					A9030CB42895348B00E5E40D = {
						CreatedOnToolsVersion = 13.4.1;
						TestTargetID = A9030C942895348900E5E40D;
					};
				};
			};
			buildConfigurationList = A9030C902895348900E5E40D /* Build configuration list for PBXProject "WordGame" */;
			compatibilityVersion = "Xcode 13.0";
			developmentRegion = en;
			hasScannedForEncodings = 0;
			knownRegions = (
				en,
				Base,
			);
			mainGroup = A9030C8C2895348900E5E40D;
			productRefGroup = A9030C962895348900E5E40D /* Products */;
			projectDirPath = "";
			projectRoot = "";
			targets = (
				A9030C942895348900E5E40D /* WordGame */,
				A9030CAA2895348B00E5E40D /* WordGameTests */,
				A9030CB42895348B00E5E40D /* WordGameUITests */,
			);
		};
/* End PBXProject section */

/* Begin PBXResourcesBuildPhase section */
		A9030C932895348900E5E40D /* Resources */ = {
			isa = PBXResourcesBuildPhase;
			buildActionMask = 2147483647;
			files = (
				A99FA754289996AE00103ADD /* words.json in Resources */,
				A9030CA52895348A00E5E40D /* LaunchScreen.storyboard in Resources */,
				A9030CA22895348A00E5E40D /* Assets.xcassets in Resources */,
			);
			runOnlyForDeploymentPostprocessing = 0;
		};
		A9030CA92895348B00E5E40D /* Resources */ = {
			isa = PBXResourcesBuildPhase;
			buildActionMask = 2147483647;
			files = (
			);
			runOnlyForDeploymentPostprocessing = 0;
		};
		A9030CB32895348B00E5E40D /* Resources */ = {
			isa = PBXResourcesBuildPhase;
			buildActionMask = 2147483647;
			files = (
			);
			runOnlyForDeploymentPostprocessing = 0;
		};
/* End PBXResourcesBuildPhase section */

/* Begin PBXSourcesBuildPhase section */
		A9030C912895348900E5E40D /* Sources */ = {
			isa = PBXSourcesBuildPhase;
			buildActionMask = 2147483647;
			files = (
				A99FA75728999D3400103ADD /* GameRoundData.swift in Sources */,
				A9FDDB1E289C54A800E17D7F /* WordGameError.swift in Sources */,
				A9FDDB1B289C4C1600E17D7F /* GameManager.swift in Sources */,
				A9FDDB19289C4BEC00E17D7F /* GameScore.swift in Sources */,
				A99FA7422898536800103ADD /* GameViewModel.swift in Sources */,
				A99FA74E289995B400103ADD /* WordGameConstant.swift in Sources */,
				A99FA744289853CA00103ADD /* FileReader.swift in Sources */,
				A99FA746289853D900103ADD /* DataParser.swift in Sources */,
				A9030C9D2895348900E5E40D /* GameViewController.swift in Sources */,
				A9030C992895348900E5E40D /* AppDelegate.swift in Sources */,
				A99FA7592899A75500103ADD /* GameContentGenerator.swift in Sources */,
				A9030C9B2895348900E5E40D /* SceneDelegate.swift in Sources */,
				A99FA7482898552700103ADD /* WordPair.swift in Sources */,
			);
			runOnlyForDeploymentPostprocessing = 0;
		};
		A9030CA72895348B00E5E40D /* Sources */ = {
			isa = PBXSourcesBuildPhase;
			buildActionMask = 2147483647;
			files = (
				A9030CB02895348B00E5E40D /* WordGameTests.swift in Sources */,
			);
			runOnlyForDeploymentPostprocessing = 0;
		};
		A9030CB12895348B00E5E40D /* Sources */ = {
			isa = PBXSourcesBuildPhase;
			buildActionMask = 2147483647;
			files = (
				A9030CBC2895348B00E5E40D /* WordGameUITestsLaunchTests.swift in Sources */,
				A9030CBA2895348B00E5E40D /* WordGameUITests.swift in Sources */,
			);
			runOnlyForDeploymentPostprocessing = 0;
		};
/* End PBXSourcesBuildPhase section */

/* Begin PBXTargetDependency section */
		A9030CAD2895348B00E5E40D /* PBXTargetDependency */ = {
			isa = PBXTargetDependency;
			target = A9030C942895348900E5E40D /* WordGame */;
			targetProxy = A9030CAC2895348B00E5E40D /* PBXContainerItemProxy */;
		};
		A9030CB72895348B00E5E40D /* PBXTargetDependency */ = {
			isa = PBXTargetDependency;
			target = A9030C942895348900E5E40D /* WordGame */;
			targetProxy = A9030CB62895348B00E5E40D /* PBXContainerItemProxy */;
		};
/* End PBXTargetDependency section */

/* Begin PBXVariantGroup section */
		A9030CA32895348A00E5E40D /* LaunchScreen.storyboard */ = {
			isa = PBXVariantGroup;
			children = (
				A9030CA42895348A00E5E40D /* Base */,
			);
			name = LaunchScreen.storyboard;
			sourceTree = "<group>";
		};
/* End PBXVariantGroup section */

/* Begin XCBuildConfiguration section */
		A9030CBD2895348B00E5E40D /* Debug */ = {
			isa = XCBuildConfiguration;
			buildSettings = {
				ALWAYS_SEARCH_USER_PATHS = NO;
				CLANG_ANALYZER_NONNULL = YES;
				CLANG_ANALYZER_NUMBER_OBJECT_CONVERSION = YES_AGGRESSIVE;
				CLANG_CXX_LANGUAGE_STANDARD = "gnu++17";
				CLANG_ENABLE_MODULES = YES;
				CLANG_ENABLE_OBJC_ARC = YES;
				CLANG_ENABLE_OBJC_WEAK = YES;
				CLANG_WARN_BLOCK_CAPTURE_AUTORELEASING = YES;
				CLANG_WARN_BOOL_CONVERSION = YES;
				CLANG_WARN_COMMA = YES;
				CLANG_WARN_CONSTANT_CONVERSION = YES;
				CLANG_WARN_DEPRECATED_OBJC_IMPLEMENTATIONS = YES;
				CLANG_WARN_DIRECT_OBJC_ISA_USAGE = YES_ERROR;
				CLANG_WARN_DOCUMENTATION_COMMENTS = YES;
				CLANG_WARN_EMPTY_BODY = YES;
				CLANG_WARN_ENUM_CONVERSION = YES;
				CLANG_WARN_INFINITE_RECURSION = YES;
				CLANG_WARN_INT_CONVERSION = YES;
				CLANG_WARN_NON_LITERAL_NULL_CONVERSION = YES;
				CLANG_WARN_OBJC_IMPLICIT_RETAIN_SELF = YES;
				CLANG_WARN_OBJC_LITERAL_CONVERSION = YES;
				CLANG_WARN_OBJC_ROOT_CLASS = YES_ERROR;
				CLANG_WARN_QUOTED_INCLUDE_IN_FRAMEWORK_HEADER = YES;
				CLANG_WARN_RANGE_LOOP_ANALYSIS = YES;
				CLANG_WARN_STRICT_PROTOTYPES = YES;
				CLANG_WARN_SUSPICIOUS_MOVE = YES;
				CLANG_WARN_UNGUARDED_AVAILABILITY = YES_AGGRESSIVE;
				CLANG_WARN_UNREACHABLE_CODE = YES;
				CLANG_WARN__DUPLICATE_METHOD_MATCH = YES;
				COPY_PHASE_STRIP = NO;
				DEBUG_INFORMATION_FORMAT = dwarf;
				ENABLE_STRICT_OBJC_MSGSEND = YES;
				ENABLE_TESTABILITY = YES;
				GCC_C_LANGUAGE_STANDARD = gnu11;
				GCC_DYNAMIC_NO_PIC = NO;
				GCC_NO_COMMON_BLOCKS = YES;
				GCC_OPTIMIZATION_LEVEL = 0;
				GCC_PREPROCESSOR_DEFINITIONS = (
					"DEBUG=1",
					"$(inherited)",
				);
				GCC_WARN_64_TO_32_BIT_CONVERSION = YES;
				GCC_WARN_ABOUT_RETURN_TYPE = YES_ERROR;
				GCC_WARN_UNDECLARED_SELECTOR = YES;
				GCC_WARN_UNINITIALIZED_AUTOS = YES_AGGRESSIVE;
				GCC_WARN_UNUSED_FUNCTION = YES;
				GCC_WARN_UNUSED_VARIABLE = YES;
				IPHONEOS_DEPLOYMENT_TARGET = 15.5;
				MTL_ENABLE_DEBUG_INFO = INCLUDE_SOURCE;
				MTL_FAST_MATH = YES;
				ONLY_ACTIVE_ARCH = YES;
				SDKROOT = iphoneos;
				SWIFT_ACTIVE_COMPILATION_CONDITIONS = DEBUG;
				SWIFT_OPTIMIZATION_LEVEL = "-Onone";
			};
			name = Debug;
		};
		A9030CBE2895348B00E5E40D /* Release */ = {
			isa = XCBuildConfiguration;
			buildSettings = {
				ALWAYS_SEARCH_USER_PATHS = NO;
				CLANG_ANALYZER_NONNULL = YES;
				CLANG_ANALYZER_NUMBER_OBJECT_CONVERSION = YES_AGGRESSIVE;
				CLANG_CXX_LANGUAGE_STANDARD = "gnu++17";
				CLANG_ENABLE_MODULES = YES;
				CLANG_ENABLE_OBJC_ARC = YES;
				CLANG_ENABLE_OBJC_WEAK = YES;
				CLANG_WARN_BLOCK_CAPTURE_AUTORELEASING = YES;
				CLANG_WARN_BOOL_CONVERSION = YES;
				CLANG_WARN_COMMA = YES;
				CLANG_WARN_CONSTANT_CONVERSION = YES;
				CLANG_WARN_DEPRECATED_OBJC_IMPLEMENTATIONS = YES;
				CLANG_WARN_DIRECT_OBJC_ISA_USAGE = YES_ERROR;
				CLANG_WARN_DOCUMENTATION_COMMENTS = YES;
				CLANG_WARN_EMPTY_BODY = YES;
				CLANG_WARN_ENUM_CONVERSION = YES;
				CLANG_WARN_INFINITE_RECURSION = YES;
				CLANG_WARN_INT_CONVERSION = YES;
				CLANG_WARN_NON_LITERAL_NULL_CONVERSION = YES;
				CLANG_WARN_OBJC_IMPLICIT_RETAIN_SELF = YES;
				CLANG_WARN_OBJC_LITERAL_CONVERSION = YES;
				CLANG_WARN_OBJC_ROOT_CLASS = YES_ERROR;
				CLANG_WARN_QUOTED_INCLUDE_IN_FRAMEWORK_HEADER = YES;
				CLANG_WARN_RANGE_LOOP_ANALYSIS = YES;
				CLANG_WARN_STRICT_PROTOTYPES = YES;
				CLANG_WARN_SUSPICIOUS_MOVE = YES;
				CLANG_WARN_UNGUARDED_AVAILABILITY = YES_AGGRESSIVE;
				CLANG_WARN_UNREACHABLE_CODE = YES;
				CLANG_WARN__DUPLICATE_METHOD_MATCH = YES;
				COPY_PHASE_STRIP = NO;
				DEBUG_INFORMATION_FORMAT = "dwarf-with-dsym";
				ENABLE_NS_ASSERTIONS = NO;
				ENABLE_STRICT_OBJC_MSGSEND = YES;
				GCC_C_LANGUAGE_STANDARD = gnu11;
				GCC_NO_COMMON_BLOCKS = YES;
				GCC_WARN_64_TO_32_BIT_CONVERSION = YES;
				GCC_WARN_ABOUT_RETURN_TYPE = YES_ERROR;
				GCC_WARN_UNDECLARED_SELECTOR = YES;
				GCC_WARN_UNINITIALIZED_AUTOS = YES_AGGRESSIVE;
				GCC_WARN_UNUSED_FUNCTION = YES;
				GCC_WARN_UNUSED_VARIABLE = YES;
				IPHONEOS_DEPLOYMENT_TARGET = 15.5;
				MTL_ENABLE_DEBUG_INFO = NO;
				MTL_FAST_MATH = YES;
				SDKROOT = iphoneos;
				SWIFT_COMPILATION_MODE = wholemodule;
				SWIFT_OPTIMIZATION_LEVEL = "-O";
				VALIDATE_PRODUCT = YES;
			};
			name = Release;
		};
		A9030CC02895348B00E5E40D /* Debug */ = {
			isa = XCBuildConfiguration;
			buildSettings = {
				ASSETCATALOG_COMPILER_APPICON_NAME = AppIcon;
				ASSETCATALOG_COMPILER_GLOBAL_ACCENT_COLOR_NAME = AccentColor;
				CODE_SIGN_STYLE = Automatic;
				CURRENT_PROJECT_VERSION = 1;
				GENERATE_INFOPLIST_FILE = YES;
				INFOPLIST_FILE = WordGame/Info.plist;
				INFOPLIST_KEY_UIApplicationSupportsIndirectInputEvents = YES;
				INFOPLIST_KEY_UILaunchStoryboardName = LaunchScreen;
				INFOPLIST_KEY_UISupportedInterfaceOrientations_iPad = "UIInterfaceOrientationPortrait UIInterfaceOrientationPortraitUpsideDown UIInterfaceOrientationLandscapeLeft UIInterfaceOrientationLandscapeRight";
				INFOPLIST_KEY_UISupportedInterfaceOrientations_iPhone = "UIInterfaceOrientationPortrait UIInterfaceOrientationLandscapeLeft UIInterfaceOrientationLandscapeRight";
				LD_RUNPATH_SEARCH_PATHS = (
					"$(inherited)",
					"@executable_path/Frameworks",
				);
				MARKETING_VERSION = 1.0;
				PRODUCT_BUNDLE_IDENTIFIER = com.Badal.WordGame;
				PRODUCT_NAME = "$(TARGET_NAME)";
				SWIFT_EMIT_LOC_STRINGS = YES;
				SWIFT_VERSION = 5.0;
				TARGETED_DEVICE_FAMILY = "1,2";
			};
			name = Debug;
		};
		A9030CC12895348B00E5E40D /* Release */ = {
			isa = XCBuildConfiguration;
			buildSettings = {
				ASSETCATALOG_COMPILER_APPICON_NAME = AppIcon;
				ASSETCATALOG_COMPILER_GLOBAL_ACCENT_COLOR_NAME = AccentColor;
				CODE_SIGN_STYLE = Automatic;
				CURRENT_PROJECT_VERSION = 1;
				GENERATE_INFOPLIST_FILE = YES;
				INFOPLIST_FILE = WordGame/Info.plist;
				INFOPLIST_KEY_UIApplicationSupportsIndirectInputEvents = YES;
				INFOPLIST_KEY_UILaunchStoryboardName = LaunchScreen;
				INFOPLIST_KEY_UISupportedInterfaceOrientations_iPad = "UIInterfaceOrientationPortrait UIInterfaceOrientationPortraitUpsideDown UIInterfaceOrientationLandscapeLeft UIInterfaceOrientationLandscapeRight";
				INFOPLIST_KEY_UISupportedInterfaceOrientations_iPhone = "UIInterfaceOrientationPortrait UIInterfaceOrientationLandscapeLeft UIInterfaceOrientationLandscapeRight";
				LD_RUNPATH_SEARCH_PATHS = (
					"$(inherited)",
					"@executable_path/Frameworks",
				);
				MARKETING_VERSION = 1.0;
				PRODUCT_BUNDLE_IDENTIFIER = com.Badal.WordGame;
				PRODUCT_NAME = "$(TARGET_NAME)";
				SWIFT_EMIT_LOC_STRINGS = YES;
				SWIFT_VERSION = 5.0;
				TARGETED_DEVICE_FAMILY = "1,2";
			};
			name = Release;
		};
		A9030CC32895348B00E5E40D /* Debug */ = {
			isa = XCBuildConfiguration;
			buildSettings = {
				ALWAYS_EMBED_SWIFT_STANDARD_LIBRARIES = YES;
				BUNDLE_LOADER = "$(TEST_HOST)";
				CODE_SIGN_STYLE = Automatic;
				CURRENT_PROJECT_VERSION = 1;
				GENERATE_INFOPLIST_FILE = YES;
				IPHONEOS_DEPLOYMENT_TARGET = 15.5;
				MARKETING_VERSION = 1.0;
				PRODUCT_BUNDLE_IDENTIFIER = com.Badal.WordGameTests;
				PRODUCT_NAME = "$(TARGET_NAME)";
				SWIFT_EMIT_LOC_STRINGS = NO;
				SWIFT_VERSION = 5.0;
				TARGETED_DEVICE_FAMILY = "1,2";
				TEST_HOST = "$(BUILT_PRODUCTS_DIR)/WordGame.app/WordGame";
			};
			name = Debug;
		};
		A9030CC42895348B00E5E40D /* Release */ = {
			isa = XCBuildConfiguration;
			buildSettings = {
				ALWAYS_EMBED_SWIFT_STANDARD_LIBRARIES = YES;
				BUNDLE_LOADER = "$(TEST_HOST)";
				CODE_SIGN_STYLE = Automatic;
				CURRENT_PROJECT_VERSION = 1;
				GENERATE_INFOPLIST_FILE = YES;
				IPHONEOS_DEPLOYMENT_TARGET = 15.5;
				MARKETING_VERSION = 1.0;
				PRODUCT_BUNDLE_IDENTIFIER = com.Badal.WordGameTests;
				PRODUCT_NAME = "$(TARGET_NAME)";
				SWIFT_EMIT_LOC_STRINGS = NO;
				SWIFT_VERSION = 5.0;
				TARGETED_DEVICE_FAMILY = "1,2";
				TEST_HOST = "$(BUILT_PRODUCTS_DIR)/WordGame.app/WordGame";
			};
			name = Release;
		};
		A9030CC62895348B00E5E40D /* Debug */ = {
			isa = XCBuildConfiguration;
			buildSettings = {
				ALWAYS_EMBED_SWIFT_STANDARD_LIBRARIES = YES;
				CODE_SIGN_STYLE = Automatic;
				CURRENT_PROJECT_VERSION = 1;
				GENERATE_INFOPLIST_FILE = YES;
				MARKETING_VERSION = 1.0;
				PRODUCT_BUNDLE_IDENTIFIER = com.Badal.WordGameUITests;
				PRODUCT_NAME = "$(TARGET_NAME)";
				SWIFT_EMIT_LOC_STRINGS = NO;
				SWIFT_VERSION = 5.0;
				TARGETED_DEVICE_FAMILY = "1,2";
				TEST_TARGET_NAME = WordGame;
			};
			name = Debug;
		};
		A9030CC72895348B00E5E40D /* Release */ = {
			isa = XCBuildConfiguration;
			buildSettings = {
				ALWAYS_EMBED_SWIFT_STANDARD_LIBRARIES = YES;
				CODE_SIGN_STYLE = Automatic;
				CURRENT_PROJECT_VERSION = 1;
				GENERATE_INFOPLIST_FILE = YES;
				MARKETING_VERSION = 1.0;
				PRODUCT_BUNDLE_IDENTIFIER = com.Badal.WordGameUITests;
				PRODUCT_NAME = "$(TARGET_NAME)";
				SWIFT_EMIT_LOC_STRINGS = NO;
				SWIFT_VERSION = 5.0;
				TARGETED_DEVICE_FAMILY = "1,2";
				TEST_TARGET_NAME = WordGame;
			};
			name = Release;
		};
/* End XCBuildConfiguration section */

/* Begin XCConfigurationList section */
		A9030C902895348900E5E40D /* Build configuration list for PBXProject "WordGame" */ = {
			isa = XCConfigurationList;
			buildConfigurations = (
				A9030CBD2895348B00E5E40D /* Debug */,
				A9030CBE2895348B00E5E40D /* Release */,
			);
			defaultConfigurationIsVisible = 0;
			defaultConfigurationName = Release;
		};
		A9030CBF2895348B00E5E40D /* Build configuration list for PBXNativeTarget "WordGame" */ = {
			isa = XCConfigurationList;
			buildConfigurations = (
				A9030CC02895348B00E5E40D /* Debug */,
				A9030CC12895348B00E5E40D /* Release */,
			);
			defaultConfigurationIsVisible = 0;
			defaultConfigurationName = Release;
		};
		A9030CC22895348B00E5E40D /* Build configuration list for PBXNativeTarget "WordGameTests" */ = {
			isa = XCConfigurationList;
			buildConfigurations = (
				A9030CC32895348B00E5E40D /* Debug */,
				A9030CC42895348B00E5E40D /* Release */,
			);
			defaultConfigurationIsVisible = 0;
			defaultConfigurationName = Release;
		};
		A9030CC52895348B00E5E40D /* Build configuration list for PBXNativeTarget "WordGameUITests" */ = {
			isa = XCConfigurationList;
			buildConfigurations = (
				A9030CC62895348B00E5E40D /* Debug */,
				A9030CC72895348B00E5E40D /* Release */,
			);
			defaultConfigurationIsVisible = 0;
			defaultConfigurationName = Release;
		};
/* End XCConfigurationList section */
	};
	rootObject = A9030C8D2895348900E5E40D /* Project object */;
}
